
Microsoft Visual Studio Solution File, Format Version 12.00
# Visual Studio 15
VisualStudioVersion = 15.0.27130.2024
MinimumVisualStudioVersion = 10.0.40219.1
Project("{8BC9CEB8-8B4A-11D0-8D11-00A0C91BC942}") = "LAB 6 Company Employee Information", "LAB 6 Company Employee Information\LAB 6 Company Employee Information.vcxproj", "{8DFEA49D-11BA-4655-8848-B424FE00C15C}"
EndProject
Global
	GlobalSection(SolutionConfigurationPlatforms) = preSolution
		Debug|x64 = Debug|x64
		Debug|x86 = Debug|x86
		Release|x64 = Release|x64
		Release|x86 = Release|x86
	EndGlobalSection
	GlobalSection(ProjectConfigurationPlatforms) = postSolution
		{8DFEA49D-11BA-4655-8848-B424FE00C15C}.Debug|x64.ActiveCfg = Debug|x64
		{8DFEA49D-11BA-4655-8848-B424FE00C15C}.Debug|x64.Build.0 = Debug|x64
		{8DFEA49D-11BA-4655-8848-B424FE00C15C}.Debug|x86.ActiveCfg = Debug|Win32
		{8DFEA49D-11BA-4655-8848-B424FE00C15C}.Debug|x86.Build.0 = Debug|Win32
		{8DFEA49D-11BA-4655-8848-B424FE00C15C}.Release|x64.ActiveCfg = Release|x64
		{8DFEA49D-11BA-4655-8848-B424FE00C15C}.Release|x64.Build.0 = Release|x64
		{8DFEA49D-11BA-4655-8848-B424FE00C15C}.Release|x86.ActiveCfg = Release|Win32
		{8DFEA49D-11BA-4655-8848-B424FE00C15C}.Release|x86.Build.0 = Release|Win32
	EndGlobalSection
	GlobalSection(SolutionProperties) = preSolution
		HideSolutionNode = FALSE
	EndGlobalSection
	GlobalSection(ExtensibilityGlobals) = postSolution
		SolutionGuid = {8CA4ACF0-0064-487E-9D06-2FAF7244FB6F}
	EndGlobalSection
EndGlobal
